
Microsoft Visual Studio Solution File, Format Version 12.00
# Visual Studio Version 16
VisualStudioVersion = 16.0.29519.181
MinimumVisualStudioVersion = 10.0.40219.1
Project("{FAE04EC0-301F-11D3-BF4B-00C04F79EFBC}") = "SabTool.CLI", "SabTool.CLI\SabTool.CLI.csproj", "{516E4A73-1BAA-45EE-82E3-BF14D5ADB5C7}"
EndProject
Project("{FAE04EC0-301F-11D3-BF4B-00C04F79EFBC}") = "SabTool.Client", "SabTool.Client\SabTool.Client.csproj", "{8FDA33DF-2CA1-4723-ABEF-E53AA2704459}"
EndProject
Project("{FAE04EC0-301F-11D3-BF4B-00C04F79EFBC}") = "SabTool.Parsers", "SabTool.Parsers\SabTool.Parsers.csproj", "{B2CC8D11-BACF-44BF-A21F-97EF027AE306}"
EndProject
Project("{FAE04EC0-301F-11D3-BF4B-00C04F79EFBC}") = "SabTool.Utils", "SabTool.Utils\SabTool.Utils.csproj", "{88AE9087-01F6-4941-9A05-5DED8F5A84AA}"
EndProject
Project("{FAE04EC0-301F-11D3-BF4B-00C04F79EFBC}") = "SabTool.Writers", "SabTool.Writers\SabTool.Writers.csproj", "{ECF6FC39-2D34-495F-A752-2C6EE2C4C2D7}"
EndProject
Global
	GlobalSection(SolutionConfigurationPlatforms) = preSolution
		Debug|Any CPU = Debug|Any CPU
		Release|Any CPU = Release|Any CPU
	EndGlobalSection
	GlobalSection(ProjectConfigurationPlatforms) = postSolution
		{516E4A73-1BAA-45EE-82E3-BF14D5ADB5C7}.Debug|Any CPU.ActiveCfg = Debug|Any CPU
		{516E4A73-1BAA-45EE-82E3-BF14D5ADB5C7}.Debug|Any CPU.Build.0 = Debug|Any CPU
		{516E4A73-1BAA-45EE-82E3-BF14D5ADB5C7}.Release|Any CPU.ActiveCfg = Release|Any CPU
		{516E4A73-1BAA-45EE-82E3-BF14D5ADB5C7}.Release|Any CPU.Build.0 = Release|Any CPU
		{8FDA33DF-2CA1-4723-ABEF-E53AA2704459}.Debug|Any CPU.ActiveCfg = Debug|Any CPU
		{8FDA33DF-2CA1-4723-ABEF-E53AA2704459}.Debug|Any CPU.Build.0 = Debug|Any CPU
		{8FDA33DF-2CA1-4723-ABEF-E53AA2704459}.Release|Any CPU.ActiveCfg = Release|Any CPU
		{8FDA33DF-2CA1-4723-ABEF-E53AA2704459}.Release|Any CPU.Build.0 = Release|Any CPU
		{B2CC8D11-BACF-44BF-A21F-97EF027AE306}.Debug|Any CPU.ActiveCfg = Debug|Any CPU
		{B2CC8D11-BACF-44BF-A21F-97EF027AE306}.Debug|Any CPU.Build.0 = Debug|Any CPU
		{B2CC8D11-BACF-44BF-A21F-97EF027AE306}.Release|Any CPU.ActiveCfg = Release|Any CPU
		{B2CC8D11-BACF-44BF-A21F-97EF027AE306}.Release|Any CPU.Build.0 = Release|Any CPU
		{88AE9087-01F6-4941-9A05-5DED8F5A84AA}.Debug|Any CPU.ActiveCfg = Debug|Any CPU
		{88AE9087-01F6-4941-9A05-5DED8F5A84AA}.Debug|Any CPU.Build.0 = Debug|Any CPU
		{88AE9087-01F6-4941-9A05-5DED8F5A84AA}.Release|Any CPU.ActiveCfg = Release|Any CPU
		{88AE9087-01F6-4941-9A05-5DED8F5A84AA}.Release|Any CPU.Build.0 = Release|Any CPU
		{ECF6FC39-2D34-495F-A752-2C6EE2C4C2D7}.Debug|Any CPU.ActiveCfg = Debug|Any CPU
		{ECF6FC39-2D34-495F-A752-2C6EE2C4C2D7}.Debug|Any CPU.Build.0 = Debug|Any CPU
		{ECF6FC39-2D34-495F-A752-2C6EE2C4C2D7}.Release|Any CPU.ActiveCfg = Release|Any CPU
		{ECF6FC39-2D34-495F-A752-2C6EE2C4C2D7}.Release|Any CPU.Build.0 = Release|Any CPU
	EndGlobalSection
	GlobalSection(SolutionProperties) = preSolution
		HideSolutionNode = FALSE
	EndGlobalSection
	GlobalSection(ExtensibilityGlobals) = postSolution
		SolutionGuid = {E9B397AE-37D9-45F9-AD46-E3EA25B95266}
	EndGlobalSection
EndGlobal
