
Microsoft Visual Studio Solution File, Format Version 12.00
# Visual Studio Version 16
VisualStudioVersion = 16.0.29519.181
MinimumVisualStudioVersion = 10.0.40219.1
Project("{9A19103F-16F7-4668-BE54-9A1E7A4F7556}") = "SabTool.CLI", "SabTool.CLI\SabTool.CLI.csproj", "{516E4A73-1BAA-45EE-82E3-BF14D5ADB5C7}"
EndProject
Project("{9A19103F-16F7-4668-BE54-9A1E7A4F7556}") = "SabTool.Client", "SabTool.Client\SabTool.Client.csproj", "{8FDA33DF-2CA1-4723-ABEF-E53AA2704459}"
EndProject
Project("{9A19103F-16F7-4668-BE54-9A1E7A4F7556}") = "SabTool.Parsers", "SabTool.Parsers\SabTool.Parsers.csproj", "{B2CC8D11-BACF-44BF-A21F-97EF027AE306}"
EndProject
Project("{9A19103F-16F7-4668-BE54-9A1E7A4F7556}") = "SabTool.Utils", "SabTool.Utils\SabTool.Utils.csproj", "{88AE9087-01F6-4941-9A05-5DED8F5A84AA}"
EndProject
Project("{2150E333-8FDC-42A3-9474-1A3956D46DE8}") = "Solution Items", "Solution Items", "{FA2A6265-9E25-41C3-B063-3C759F9F3604}"
	ProjectSection(SolutionItems) = preProject
		.editorconfig = .editorconfig
	EndProjectSection
EndProject
Project("{9A19103F-16F7-4668-BE54-9A1E7A4F7556}") = "SabTool.Containers", "SabTool.Containers\SabTool.Containers.csproj", "{3E2AC0D9-6DA7-4FFB-A0C7-AC7201FA5C16}"
EndProject
Global
	GlobalSection(SolutionConfigurationPlatforms) = preSolution
		Debug|Any CPU = Debug|Any CPU
		Release|Any CPU = Release|Any CPU
	EndGlobalSection
	GlobalSection(ProjectConfigurationPlatforms) = postSolution
		{516E4A73-1BAA-45EE-82E3-BF14D5ADB5C7}.Debug|Any CPU.ActiveCfg = Debug|Any CPU
		{516E4A73-1BAA-45EE-82E3-BF14D5ADB5C7}.Debug|Any CPU.Build.0 = Debug|Any CPU
		{516E4A73-1BAA-45EE-82E3-BF14D5ADB5C7}.Release|Any CPU.ActiveCfg = Release|Any CPU
		{516E4A73-1BAA-45EE-82E3-BF14D5ADB5C7}.Release|Any CPU.Build.0 = Release|Any CPU
		{8FDA33DF-2CA1-4723-ABEF-E53AA2704459}.Debug|Any CPU.ActiveCfg = Debug|Any CPU
		{8FDA33DF-2CA1-4723-ABEF-E53AA2704459}.Debug|Any CPU.Build.0 = Debug|Any CPU
		{8FDA33DF-2CA1-4723-ABEF-E53AA2704459}.Release|Any CPU.ActiveCfg = Release|Any CPU
		{8FDA33DF-2CA1-4723-ABEF-E53AA2704459}.Release|Any CPU.Build.0 = Release|Any CPU
		{B2CC8D11-BACF-44BF-A21F-97EF027AE306}.Debug|Any CPU.ActiveCfg = Debug|Any CPU
		{B2CC8D11-BACF-44BF-A21F-97EF027AE306}.Debug|Any CPU.Build.0 = Debug|Any CPU
		{B2CC8D11-BACF-44BF-A21F-97EF027AE306}.Release|Any CPU.ActiveCfg = Release|Any CPU
		{B2CC8D11-BACF-44BF-A21F-97EF027AE306}.Release|Any CPU.Build.0 = Release|Any CPU
		{88AE9087-01F6-4941-9A05-5DED8F5A84AA}.Debug|Any CPU.ActiveCfg = Debug|Any CPU
		{88AE9087-01F6-4941-9A05-5DED8F5A84AA}.Debug|Any CPU.Build.0 = Debug|Any CPU
		{88AE9087-01F6-4941-9A05-5DED8F5A84AA}.Release|Any CPU.ActiveCfg = Release|Any CPU
		{88AE9087-01F6-4941-9A05-5DED8F5A84AA}.Release|Any CPU.Build.0 = Release|Any CPU
		{3E2AC0D9-6DA7-4FFB-A0C7-AC7201FA5C16}.Debug|Any CPU.ActiveCfg = Debug|Any CPU
		{3E2AC0D9-6DA7-4FFB-A0C7-AC7201FA5C16}.Debug|Any CPU.Build.0 = Debug|Any CPU
		{3E2AC0D9-6DA7-4FFB-A0C7-AC7201FA5C16}.Release|Any CPU.ActiveCfg = Release|Any CPU
		{3E2AC0D9-6DA7-4FFB-A0C7-AC7201FA5C16}.Release|Any CPU.Build.0 = Release|Any CPU
		{20F891B3-6820-49B3-BFD0-2D94DC0709A0}.Debug|Any CPU.ActiveCfg = Debug|Any CPU
		{20F891B3-6820-49B3-BFD0-2D94DC0709A0}.Debug|Any CPU.Build.0 = Debug|Any CPU
		{20F891B3-6820-49B3-BFD0-2D94DC0709A0}.Release|Any CPU.ActiveCfg = Release|Any CPU
		{20F891B3-6820-49B3-BFD0-2D94DC0709A0}.Release|Any CPU.Build.0 = Release|Any CPU
	EndGlobalSection
	GlobalSection(SolutionProperties) = preSolution
		HideSolutionNode = FALSE
	EndGlobalSection
	GlobalSection(ExtensibilityGlobals) = postSolution
		SolutionGuid = {E9B397AE-37D9-45F9-AD46-E3EA25B95266}
	EndGlobalSection
EndGlobal
